
Microsoft Visual Studio Solution File, Format Version 12.00
Project("{FAE04EC0-301F-11D3-BF4B-00C04F79EFBC}") = "DateTimeProviders.Dimensions", "DateTimeProviders.Dimensions\DateTimeProviders.Dimensions.csproj", "{ED26D706-E51A-4596-81E3-8D87FD1E7C3C}"
EndProject
Project("{FAE04EC0-301F-11D3-BF4B-00C04F79EFBC}") = "DateTimeProviders.Providers", "DateTimeProviders.Providers\DateTimeProviders.Providers.csproj", "{0A4246CD-D724-4648-A9F9-D4718E23FFFF}"
EndProject
Project("{FAE04EC0-301F-11D3-BF4B-00C04F79EFBC}") = "DateTimeProviders.UnitTests", "DateTimeProviders.UnitTests\DateTimeProviders.UnitTests.csproj", "{FD5D13CF-67C4-4A3E-9FD8-A4FFEBF81696}"
EndProject
Project("{2150E333-8FDC-42A3-9474-1A3956D46DE8}") = "SolutionFolder", "SolutionFolder", "{DE992D4B-A4B1-45EF-A2F5-B6083CFEAFBF}"
	ProjectSection(SolutionItems) = preProject
		README.md = README.md
		.github\workflows\dotnet.yml = .github\workflows\dotnet.yml
	EndProjectSection
EndProject
Global
	GlobalSection(SolutionConfigurationPlatforms) = preSolution
		Debug|Any CPU = Debug|Any CPU
		Release|Any CPU = Release|Any CPU
	EndGlobalSection
	GlobalSection(ProjectConfigurationPlatforms) = postSolution
		{ED26D706-E51A-4596-81E3-8D87FD1E7C3C}.Debug|Any CPU.ActiveCfg = Debug|Any CPU
		{ED26D706-E51A-4596-81E3-8D87FD1E7C3C}.Debug|Any CPU.Build.0 = Debug|Any CPU
		{ED26D706-E51A-4596-81E3-8D87FD1E7C3C}.Release|Any CPU.ActiveCfg = Release|Any CPU
		{ED26D706-E51A-4596-81E3-8D87FD1E7C3C}.Release|Any CPU.Build.0 = Release|Any CPU
		{0A4246CD-D724-4648-A9F9-D4718E23FFFF}.Debug|Any CPU.ActiveCfg = Debug|Any CPU
		{0A4246CD-D724-4648-A9F9-D4718E23FFFF}.Debug|Any CPU.Build.0 = Debug|Any CPU
		{0A4246CD-D724-4648-A9F9-D4718E23FFFF}.Release|Any CPU.ActiveCfg = Release|Any CPU
		{0A4246CD-D724-4648-A9F9-D4718E23FFFF}.Release|Any CPU.Build.0 = Release|Any CPU
		{FD5D13CF-67C4-4A3E-9FD8-A4FFEBF81696}.Debug|Any CPU.ActiveCfg = Debug|Any CPU
		{FD5D13CF-67C4-4A3E-9FD8-A4FFEBF81696}.Debug|Any CPU.Build.0 = Debug|Any CPU
		{FD5D13CF-67C4-4A3E-9FD8-A4FFEBF81696}.Release|Any CPU.ActiveCfg = Release|Any CPU
		{FD5D13CF-67C4-4A3E-9FD8-A4FFEBF81696}.Release|Any CPU.Build.0 = Release|Any CPU
	EndGlobalSection
EndGlobal
